
Microsoft Visual Studio Solution File, Format Version 12.00
# Visual Studio Version 16
VisualStudioVersion = 16.0.31829.152
MinimumVisualStudioVersion = 10.0.40219.1
Project("{FAE04EC0-301F-11D3-BF4B-00C04F79EFBC}") = "Prakticum1", "Prakticum1\Prakticum1.csproj", "{8DDDBC75-6E09-49D4-ABA1-F079A2FC255A}"
EndProject
Project("{FAE04EC0-301F-11D3-BF4B-00C04F79EFBC}") = "WindowsFormsApp90", "WindowsFormsApp90\WindowsFormsApp90.csproj", "{A549E4C7-691A-4967-937A-03C388BB2515}"
EndProject
Global
	GlobalSection(SolutionConfigurationPlatforms) = preSolution
		Debug|Any CPU = Debug|Any CPU
		Release|Any CPU = Release|Any CPU
	EndGlobalSection
	GlobalSection(ProjectConfigurationPlatforms) = postSolution
		{8DDDBC75-6E09-49D4-ABA1-F079A2FC255A}.Debug|Any CPU.ActiveCfg = Debug|Any CPU
		{8DDDBC75-6E09-49D4-ABA1-F079A2FC255A}.Debug|Any CPU.Build.0 = Debug|Any CPU
		{8DDDBC75-6E09-49D4-ABA1-F079A2FC255A}.Release|Any CPU.ActiveCfg = Release|Any CPU
		{8DDDBC75-6E09-49D4-ABA1-F079A2FC255A}.Release|Any CPU.Build.0 = Release|Any CPU
		{A549E4C7-691A-4967-937A-03C388BB2515}.Debug|Any CPU.ActiveCfg = Debug|Any CPU
		{A549E4C7-691A-4967-937A-03C388BB2515}.Debug|Any CPU.Build.0 = Debug|Any CPU
		{A549E4C7-691A-4967-937A-03C388BB2515}.Release|Any CPU.ActiveCfg = Release|Any CPU
		{A549E4C7-691A-4967-937A-03C388BB2515}.Release|Any CPU.Build.0 = Release|Any CPU
	EndGlobalSection
	GlobalSection(SolutionProperties) = preSolution
		HideSolutionNode = FALSE
	EndGlobalSection
	GlobalSection(ExtensibilityGlobals) = postSolution
		SolutionGuid = {A59CB7D7-EAE4-478E-A506-D93493F8205D}
	EndGlobalSection
EndGlobal
